<Solution>
  <Folder Name="/Solution Items/">
    <File Path=".github/workflows/deploy-pages.yml" />
    <File Path="README.md" />
  </Folder>
  <Project Path="PhrasePursuitWeb.Core/PhrasePursuitWeb.Core.csproj" />
  <Project Path="PhrasePursuitWeb.Tests/PhrasePursuitWeb.Tests.csproj" />
  <Project Path="PhrasePursuitWeb.Web/PhrasePursuitWeb.Web.csproj" />
</Solution>
